
Microsoft Visual Studio Solution File, Format Version 12.00
# Visual Studio Version 16
VisualStudioVersion = 16.0.31424.327
MinimumVisualStudioVersion = 10.0.40219.1
Project("{FAE04EC0-301F-11D3-BF4B-00C04F79EFBC}") = "VectorGraphicEditor", "VectorGraphicEditor\VectorGraphicEditor.csproj", "{888D5AB7-938C-4458-B42D-39905BE6948D}"
EndProject
Global
	GlobalSection(SolutionConfigurationPlatforms) = preSolution
		Debug|Any CPU = Debug|Any CPU
		Release|Any CPU = Release|Any CPU
	EndGlobalSection
	GlobalSection(ProjectConfigurationPlatforms) = postSolution
		{888D5AB7-938C-4458-B42D-39905BE6948D}.Debug|Any CPU.ActiveCfg = Debug|Any CPU
		{888D5AB7-938C-4458-B42D-39905BE6948D}.Debug|Any CPU.Build.0 = Debug|Any CPU
		{888D5AB7-938C-4458-B42D-39905BE6948D}.Release|Any CPU.ActiveCfg = Release|Any CPU
		{888D5AB7-938C-4458-B42D-39905BE6948D}.Release|Any CPU.Build.0 = Release|Any CPU
	EndGlobalSection
	GlobalSection(SolutionProperties) = preSolution
		HideSolutionNode = FALSE
	EndGlobalSection
	GlobalSection(ExtensibilityGlobals) = postSolution
		SolutionGuid = {90965CE0-7CA4-410C-A15B-2D223F314F51}
	EndGlobalSection
EndGlobal
